
Microsoft Visual Studio Solution File, Format Version 12.00
# Visual Studio 15
VisualStudioVersion = 15.0.27130.2027
MinimumVisualStudioVersion = 10.0.40219.1
Project("{FAE04EC0-301F-11D3-BF4B-00C04F79EFBC}") = "calcular votantes de cada zona", "calcular votantes de cada zona\calcular votantes de cada zona.csproj", "{5C1D6C2A-15AE-4CFD-885F-B2DBF6482725}"
EndProject
Global
	GlobalSection(SolutionConfigurationPlatforms) = preSolution
		Debug|Any CPU = Debug|Any CPU
		Release|Any CPU = Release|Any CPU
	EndGlobalSection
	GlobalSection(ProjectConfigurationPlatforms) = postSolution
		{5C1D6C2A-15AE-4CFD-885F-B2DBF6482725}.Debug|Any CPU.ActiveCfg = Debug|Any CPU
		{5C1D6C2A-15AE-4CFD-885F-B2DBF6482725}.Debug|Any CPU.Build.0 = Debug|Any CPU
		{5C1D6C2A-15AE-4CFD-885F-B2DBF6482725}.Release|Any CPU.ActiveCfg = Release|Any CPU
		{5C1D6C2A-15AE-4CFD-885F-B2DBF6482725}.Release|Any CPU.Build.0 = Release|Any CPU
	EndGlobalSection
	GlobalSection(SolutionProperties) = preSolution
		HideSolutionNode = FALSE
	EndGlobalSection
	GlobalSection(ExtensibilityGlobals) = postSolution
		SolutionGuid = {4C9DD492-C73A-460F-88BD-D83C79629D99}
	EndGlobalSection
EndGlobal
