
Microsoft Visual Studio Solution File, Format Version 12.00
# Visual Studio 15
VisualStudioVersion = 15.0.27130.2010
MinimumVisualStudioVersion = 10.0.40219.1
Project("{FAE04EC0-301F-11D3-BF4B-00C04F79EFBC}") = "calcular presupuesto de un hospital", "calcular presupuesto de un hospital\calcular presupuesto de un hospital.csproj", "{67FD26CF-5E43-4F31-BE79-38D0ABD52AA7}"
EndProject
Global
	GlobalSection(SolutionConfigurationPlatforms) = preSolution
		Debug|Any CPU = Debug|Any CPU
		Release|Any CPU = Release|Any CPU
	EndGlobalSection
	GlobalSection(ProjectConfigurationPlatforms) = postSolution
		{67FD26CF-5E43-4F31-BE79-38D0ABD52AA7}.Debug|Any CPU.ActiveCfg = Debug|Any CPU
		{67FD26CF-5E43-4F31-BE79-38D0ABD52AA7}.Debug|Any CPU.Build.0 = Debug|Any CPU
		{67FD26CF-5E43-4F31-BE79-38D0ABD52AA7}.Release|Any CPU.ActiveCfg = Release|Any CPU
		{67FD26CF-5E43-4F31-BE79-38D0ABD52AA7}.Release|Any CPU.Build.0 = Release|Any CPU
	EndGlobalSection
	GlobalSection(SolutionProperties) = preSolution
		HideSolutionNode = FALSE
	EndGlobalSection
	GlobalSection(ExtensibilityGlobals) = postSolution
		SolutionGuid = {1E534955-E31E-4253-A3E9-1C4F4D40F561}
	EndGlobalSection
EndGlobal
